PODS:
  - Alamofire (4.9.1)
  - SwaggerClient (0.0.1):
    - Alamofire (~> 4.9.0)

DEPENDENCIES:
  - SwaggerClient (from `./swagger-ios`)

SPEC REPOS:
  trunk:
    - Alamofire

EXTERNAL SOURCES:
  SwaggerClient:
    :path: "./swagger-ios"

SPEC CHECKSUMS:
  Alamofire: 85e8a02c69d6020a0d734f6054870d7ecb75cf18
  SwaggerClient: 2ed3f7a3edf9435700aeea45f953d37eb9ede843

PODFILE CHECKSUM: eb9dcf939f4d2b6242a3529b9e97bc8bd697c0fd

COCOAPODS: 1.11.3
