PODS:
  - Alamofire (4.9.1)
  - SSZipArchive (2.4.3)
  - SwaggerClient (0.0.1):
    - Alamofire (~> 4.9.0)

DEPENDENCIES:
  - SSZipArchive
  - SwaggerClient (from `./swagger-ios`)

SPEC REPOS:
  trunk:
    - Alamofire
    - SSZipArchive

EXTERNAL SOURCES:
  SwaggerClient:
    :path: "./swagger-ios"

SPEC CHECKSUMS:
  Alamofire: 85e8a02c69d6020a0d734f6054870d7ecb75cf18
  SSZipArchive: fe6a26b2a54d5a0890f2567b5cc6de5caa600aef
  SwaggerClient: e71103a7c90c42e59818ff22f31380421ff8bdf6

PODFILE CHECKSUM: 6ff8b351c775b99f7177e4a73877ab915f9afb76

COCOAPODS: 1.11.3
