// !$*UTF8*$!
{
	archiveVersion = 1;
	classes = {
	};
	objectVersion = 56;
	objects = {

/* Begin PBXBuildFile section */
		3115156229DB2099007FB168 /* Trending.swift in Sources */ = {isa = PBXBuildFile; fileRef = 3115156129DB2099007FB168 /* Trending.swift */; };
		31167AA929ED547800B9845A /* TrendingBooksVC.swift in Sources */ = {isa = PBXBuildFile; fileRef = 31167AA829ED547800B9845A /* TrendingBooksVC.swift */; };
		312809882A08F3B400B6BAE7 /* Reachability in Frameworks */ = {isa = PBXBuildFile; productRef = 312809872A08F3B400B6BAE7 /* Reachability */; };
		315F0D872A1CEBA400B4B0CB /* preparePlayerAlert.swift in Sources */ = {isa = PBXBuildFile; fileRef = 315F0D862A1CEBA400B4B0CB /* preparePlayerAlert.swift */; };
		317B4BFE29CC6FD30058F4B9 /* RegisterVC.swift in Sources */ = {isa = PBXBuildFile; fileRef = 317B4BFD29CC6FD30058F4B9 /* RegisterVC.swift */; };
		317B4C0129CC78540058F4B9 /* GoogleSignIn in Frameworks */ = {isa = PBXBuildFile; productRef = 317B4C0029CC78540058F4B9 /* GoogleSignIn */; };
		317B4C0329CC78540058F4B9 /* GoogleSignInSwift in Frameworks */ = {isa = PBXBuildFile; productRef = 317B4C0229CC78540058F4B9 /* GoogleSignInSwift */; };
		317B4C0529CC9D3C0058F4B9 /* User.swift in Sources */ = {isa = PBXBuildFile; fileRef = 317B4C0429CC9D3C0058F4B9 /* User.swift */; };
		317B4C0729CCB5F80058F4B9 /* GIDSignInButton.swift in Sources */ = {isa = PBXBuildFile; fileRef = 317B4C0629CCB5F80058F4B9 /* GIDSignInButton.swift */; };
		317B4C0A29CCBD6A0058F4B9 /* SimpleToast in Frameworks */ = {isa = PBXBuildFile; productRef = 317B4C0929CCBD6A0058F4B9 /* SimpleToast */; };
		317CDC902A0CE43100C63456 /* PlayerVC.swift in Sources */ = {isa = PBXBuildFile; fileRef = 317CDC8F2A0CE43100C63456 /* PlayerVC.swift */; };
		317FC6A429CE0A3E00E5922A /* HomepageTBC.swift in Sources */ = {isa = PBXBuildFile; fileRef = 317FC6A329CE0A3E00E5922A /* HomepageTBC.swift */; };
		3183B78B29DF315C00F1AE0A /* LoadingView.swift in Sources */ = {isa = PBXBuildFile; fileRef = 3183B78A29DF315C00F1AE0A /* LoadingView.swift */; };
		319FA01729C36445006895CB /* AppDelegate.swift in Sources */ = {isa = PBXBuildFile; fileRef = 319FA01629C36445006895CB /* AppDelegate.swift */; };
		319FA01929C36445006895CB /* SceneDelegate.swift in Sources */ = {isa = PBXBuildFile; fileRef = 319FA01829C36445006895CB /* SceneDelegate.swift */; };
		319FA01B29C36445006895CB /* ViewController.swift in Sources */ = {isa = PBXBuildFile; fileRef = 319FA01A29C36445006895CB /* ViewController.swift */; };
		319FA02029C36446006895CB /* Assets.xcassets in Resources */ = {isa = PBXBuildFile; fileRef = 319FA01F29C36446006895CB /* Assets.xcassets */; };
		319FA02329C36446006895CB /* LaunchScreen.storyboard in Resources */ = {isa = PBXBuildFile; fileRef = 319FA02129C36446006895CB /* LaunchScreen.storyboard */; };
		319FA02B29C37136006895CB /* LoginRegister.storyboard in Resources */ = {isa = PBXBuildFile; fileRef = 319FA02A29C37136006895CB /* LoginRegister.storyboard */; };
		319FA02D29C37677006895CB /* Nunito-VariableFont_wght.ttf in Resources */ = {isa = PBXBuildFile; fileRef = 319FA02C29C37677006895CB /* Nunito-VariableFont_wght.ttf */; };
		31A13AD12A24A97C00A577BC /* DownloadManager.swift in Sources */ = {isa = PBXBuildFile; fileRef = 31A13AD02A24A97C00A577BC /* DownloadManager.swift */; };
		31B272CB29CE10090041FBA0 /* RequestPhoto.swift in Sources */ = {isa = PBXBuildFile; fileRef = 31B272CA29CE10090041FBA0 /* RequestPhoto.swift */; };
		31B6E3532A179E1D0002DD87 /* SectionsTVC.swift in Sources */ = {isa = PBXBuildFile; fileRef = 31B6E3522A179E1D0002DD87 /* SectionsTVC.swift */; };
		31B94D252A1B6A7E0000A452 /* DownloadVC.swift in Sources */ = {isa = PBXBuildFile; fileRef = 31B94D242A1B6A7E0000A452 /* DownloadVC.swift */; };
		31C883CC29C8ABA600A53C78 /* LoginVC.swift in Sources */ = {isa = PBXBuildFile; fileRef = 31C883C829C8ABA600A53C78 /* LoginVC.swift */; };
		31C883CD29C8ABA600A53C78 /* ProfileVC.swift in Sources */ = {isa = PBXBuildFile; fileRef = 31C883C929C8ABA600A53C78 /* ProfileVC.swift */; };
		31C883CE29C8ABA600A53C78 /* Profile.storyboard in Resources */ = {isa = PBXBuildFile; fileRef = 31C883CA29C8ABA600A53C78 /* Profile.storyboard */; };
		31C883D329C8C7C200A53C78 /* Discover.storyboard in Resources */ = {isa = PBXBuildFile; fileRef = 31C883D229C8C7C200A53C78 /* Discover.storyboard */; };
		31C883D529C8CA3B00A53C78 /* GoogleService-Info.plist in Resources */ = {isa = PBXBuildFile; fileRef = 31C883D429C8CA3B00A53C78 /* GoogleService-Info.plist */; };
		31DB788729C8648D00006CE8 /* FirebaseAnalytics in Frameworks */ = {isa = PBXBuildFile; productRef = 31DB788629C8648D00006CE8 /* FirebaseAnalytics */; };
		31DB788929C8648D00006CE8 /* FirebaseAnalyticsSwift in Frameworks */ = {isa = PBXBuildFile; productRef = 31DB788829C8648D00006CE8 /* FirebaseAnalyticsSwift */; };
		31DB788B29C8648D00006CE8 /* FirebaseAuth in Frameworks */ = {isa = PBXBuildFile; productRef = 31DB788A29C8648D00006CE8 /* FirebaseAuth */; };
		31DB788D29C8648D00006CE8 /* FirebaseDatabase in Frameworks */ = {isa = PBXBuildFile; productRef = 31DB788C29C8648D00006CE8 /* FirebaseDatabase */; };
		31DB788F29C8648D00006CE8 /* FirebaseDatabaseSwift in Frameworks */ = {isa = PBXBuildFile; productRef = 31DB788E29C8648D00006CE8 /* FirebaseDatabaseSwift */; };
		31DB789129C8648D00006CE8 /* FirebaseFirestore in Frameworks */ = {isa = PBXBuildFile; productRef = 31DB789029C8648D00006CE8 /* FirebaseFirestore */; };
		31DB789329C8648D00006CE8 /* FirebaseFunctions in Frameworks */ = {isa = PBXBuildFile; productRef = 31DB789229C8648D00006CE8 /* FirebaseFunctions */; };
		31DB789529C8648D00006CE8 /* FirebaseInstallations in Frameworks */ = {isa = PBXBuildFile; productRef = 31DB789429C8648D00006CE8 /* FirebaseInstallations */; };
		31DB789729C8648D00006CE8 /* FirebaseStorage in Frameworks */ = {isa = PBXBuildFile; productRef = 31DB789629C8648D00006CE8 /* FirebaseStorage */; };
		31E1A4BA29D5D3F80096740F /* CustomCellBook.swift in Sources */ = {isa = PBXBuildFile; fileRef = 31E1A4B929D5D3F80096740F /* CustomCellBook.swift */; };
		31F4EF3829D191CB00F17962 /* RegisterDetailVC.swift in Sources */ = {isa = PBXBuildFile; fileRef = 31F4EF3729D191CB00F17962 /* RegisterDetailVC.swift */; };
		31FC0F1E2A126875008FD189 /* PlayerHandler.swift in Sources */ = {isa = PBXBuildFile; fileRef = 31FC0F1D2A126875008FD189 /* PlayerHandler.swift */; };
		365AF41002661E35432015C8 /* Pods_LibriVox.framework in Frameworks */ = {isa = PBXBuildFile; fileRef = AFB04722E8E00BA32719FA38 /* Pods_LibriVox.framework */; };
		6F04C47C29DF37BE008AA945 /* DiscoverVC.swift in Sources */ = {isa = PBXBuildFile; fileRef = 6F04C47B29DF37BE008AA945 /* DiscoverVC.swift */; };
		6F04C47E29E6C3F3008AA945 /* GenreVC.swift in Sources */ = {isa = PBXBuildFile; fileRef = 6F04C47D29E6C3F3008AA945 /* GenreVC.swift */; };
		6F04C48029E6CEDF008AA945 /* AudioBooksTVC.swift in Sources */ = {isa = PBXBuildFile; fileRef = 6F04C47F29E6CEDF008AA945 /* AudioBooksTVC.swift */; };
		6F152E2629CCD12C0008846B /* LibraryVC.swift in Sources */ = {isa = PBXBuildFile; fileRef = 6F152E2529CCD12C0008846B /* LibraryVC.swift */; };
		6F152E2829CCD2030008846B /* ContainerPagesVC.swift in Sources */ = {isa = PBXBuildFile; fileRef = 6F152E2729CCD2030008846B /* ContainerPagesVC.swift */; };
		6F1C2F9D2A055E6900CABC33 /* Firebase.swift in Sources */ = {isa = PBXBuildFile; fileRef = 6F1C2F9C2A055E6900CABC33 /* Firebase.swift */; };
		6F302C8729ED534E00A045ED /* AuthorsVC.swift in Sources */ = {isa = PBXBuildFile; fileRef = 6F302C8629ED534E00A045ED /* AuthorsVC.swift */; };
		6F302C8D29ED55F400A045ED /* AuthorProfileCell.swift in Sources */ = {isa = PBXBuildFile; fileRef = 6F302C8C29ED55F400A045ED /* AuthorProfileCell.swift */; };
		6F302C8F29ED82AA00A045ED /* AuthorPageVC.swift in Sources */ = {isa = PBXBuildFile; fileRef = 6F302C8E29ED82AA00A045ED /* AuthorPageVC.swift */; };
		6F34F9FD29FA975F009A7EDB /* ReadingCellTVC.swift in Sources */ = {isa = PBXBuildFile; fileRef = 6F34F9FC29FA975F009A7EDB /* ReadingCellTVC.swift */; };
		6F34F9FF29FAC6A6009A7EDB /* FavoritesVC.swift in Sources */ = {isa = PBXBuildFile; fileRef = 6F34F9FE29FAC6A6009A7EDB /* FavoritesVC.swift */; };
		6F34FA0129FAD682009A7EDB /* BookUser.swift in Sources */ = {isa = PBXBuildFile; fileRef = 6F34FA0029FAD682009A7EDB /* BookUser.swift */; };
		6F34FA0329FAE48A009A7EDB /* FavoritesCellTVC.swift in Sources */ = {isa = PBXBuildFile; fileRef = 6F34FA0229FAE48A009A7EDB /* FavoritesCellTVC.swift */; };
		6F34FA0529FAE7C5009A7EDB /* FinishedCVC.swift in Sources */ = {isa = PBXBuildFile; fileRef = 6F34FA0429FAE7C5009A7EDB /* FinishedCVC.swift */; };
		6F3648D029DB576700B3A398 /* SectionsCell.swift in Sources */ = {isa = PBXBuildFile; fileRef = 6F3648CF29DB576700B3A398 /* SectionsCell.swift */; };
		6F425A0F29D59B8000D21047 /* ListBooksCell.swift in Sources */ = {isa = PBXBuildFile; fileRef = 6F425A0E29D59B8000D21047 /* ListBooksCell.swift */; };
		6F425A1129D59C6D00D21047 /* ResultBooksVC.swift in Sources */ = {isa = PBXBuildFile; fileRef = 6F425A1029D59C6D00D21047 /* ResultBooksVC.swift */; };
		6F425A1729D5CF0600D21047 /* BookDetailsVC.swift in Sources */ = {isa = PBXBuildFile; fileRef = 6F425A1629D5CF0600D21047 /* BookDetailsVC.swift */; };
		6F4EC1E929C9DFDB0025B204 /* RoundedBookImageView.swift in Sources */ = {isa = PBXBuildFile; fileRef = 6F4EC1E829C9DFDB0025B204 /* RoundedBookImageView.swift */; };
		6F4EC1EB29C9DFF50025B204 /* BlurredImageView.swift in Sources */ = {isa = PBXBuildFile; fileRef = 6F4EC1EA29C9DFF50025B204 /* BlurredImageView.swift */; };
		6F4EC1ED29C9DFFB0025B204 /* CircularImageView.swift in Sources */ = {isa = PBXBuildFile; fileRef = 6F4EC1EC29C9DFFB0025B204 /* CircularImageView.swift */; };
		6F4EC1EF29C9E0020025B204 /* RoundView.swift in Sources */ = {isa = PBXBuildFile; fileRef = 6F4EC1EE29C9E0020025B204 /* RoundView.swift */; };
		6F4EC1F229C9EBF60025B204 /* BlueShadowView.swift in Sources */ = {isa = PBXBuildFile; fileRef = 6F4EC1F129C9EBF60025B204 /* BlueShadowView.swift */; };
		6F50A7932A0A65E400C6EDEC /* LoadingImage.swift in Sources */ = {isa = PBXBuildFile; fileRef = 6F50A7922A0A65E400C6EDEC /* LoadingImage.swift */; };
		6F54867529F9A67B00F89955 /* ReadingVC.swift in Sources */ = {isa = PBXBuildFile; fileRef = 6F54867429F9A67B00F89955 /* ReadingVC.swift */; };
		6F5D64502A02714500A5B64D /* EditProfileVC.swift in Sources */ = {isa = PBXBuildFile; fileRef = 6F5D644F2A02714500A5B64D /* EditProfileVC.swift */; };
		6F6765E929DADF190080874E /* Utils.swift in Sources */ = {isa = PBXBuildFile; fileRef = 6F6765E829DADF190080874E /* Utils.swift */; };
		6F711C2329C3A0770029D7B1 /* HomePageViewController.swift in Sources */ = {isa = PBXBuildFile; fileRef = 6F711C2229C3A0770029D7B1 /* HomePageViewController.swift */; };
		6F711C2B29C3B6340029D7B1 /* HomePage.storyboard in Resources */ = {isa = PBXBuildFile; fileRef = 6F711C2A29C3B6340029D7B1 /* HomePage.storyboard */; };
		6F793CD029E86B0E004763DE /* Prata-Regular.ttf in Resources */ = {isa = PBXBuildFile; fileRef = 6F152E2429CCA56A0008846B /* Prata-Regular.ttf */; };
		6F7E80892A114F2800B76D9F /* ToggleBtn.swift in Sources */ = {isa = PBXBuildFile; fileRef = 6F7E80882A114F2800B76D9F /* ToggleBtn.swift */; };
		6F83BD592A1E603900D39ADF /* LaunchScreenVC.swift in Sources */ = {isa = PBXBuildFile; fileRef = 6F83BD582A1E603900D39ADF /* LaunchScreenVC.swift */; };
		6F99531F29DC781C0016B1AC /* DiscoverOptionsVC.swift in Sources */ = {isa = PBXBuildFile; fileRef = 6F99531E29DC781C0016B1AC /* DiscoverOptionsVC.swift */; };
		6F99532129DC78340016B1AC /* AuthorsCell.swift in Sources */ = {isa = PBXBuildFile; fileRef = 6F99532029DC78340016B1AC /* AuthorsCell.swift */; };
		6FB33FEA29CC9726008CC60C /* Library.storyboard in Resources */ = {isa = PBXBuildFile; fileRef = 6FB33FE929CC9726008CC60C /* Library.storyboard */; };
		6FCCC9FE2A00683500658231 /* BlueShadowUITextField.swift in Sources */ = {isa = PBXBuildFile; fileRef = 6FCCC9FD2A00683500658231 /* BlueShadowUITextField.swift */; };
		6FCCCA002A008C3300658231 /* GenreWithColor.swift in Sources */ = {isa = PBXBuildFile; fileRef = 6FCCC9FF2A008C3300658231 /* GenreWithColor.swift */; };
		6FCF9F9F29E7143F00A5DD62 /* CategoriesVC.swift in Sources */ = {isa = PBXBuildFile; fileRef = 6FCF9F9E29E7143F00A5DD62 /* CategoriesVC.swift */; };
		6FCF9FA129E715EC00A5DD62 /* CategoriesCell.swift in Sources */ = {isa = PBXBuildFile; fileRef = 6FCF9FA029E715EC00A5DD62 /* CategoriesCell.swift */; };
/* End PBXBuildFile section */

/* Begin PBXFileReference section */
		1133B8F9948BBD39ED777F52 /* Pods-LibriVox.release.xcconfig */ = {isa = PBXFileReference; includeInIndex = 1; lastKnownFileType = text.xcconfig; name = "Pods-LibriVox.release.xcconfig"; path = "Target Support Files/Pods-LibriVox/Pods-LibriVox.release.xcconfig"; sourceTree = "<group>"; };
		3115156129DB2099007FB168 /* Trending.swift */ = {isa = PBXFileReference; lastKnownFileType = sourcecode.swift; path = Trending.swift; sourceTree = "<group>"; };
		31167AA829ED547800B9845A /* TrendingBooksVC.swift */ = {isa = PBXFileReference; lastKnownFileType = sourcecode.swift; path = TrendingBooksVC.swift; sourceTree = "<group>"; };
		315F0D862A1CEBA400B4B0CB /* preparePlayerAlert.swift */ = {isa = PBXFileReference; lastKnownFileType = sourcecode.swift; path = preparePlayerAlert.swift; sourceTree = "<group>"; };
		317B4BFD29CC6FD30058F4B9 /* RegisterVC.swift */ = {isa = PBXFileReference; lastKnownFileType = sourcecode.swift; path = RegisterVC.swift; sourceTree = "<group>"; };
		317B4C0429CC9D3C0058F4B9 /* User.swift */ = {isa = PBXFileReference; lastKnownFileType = sourcecode.swift; path = User.swift; sourceTree = "<group>"; };
		317B4C0629CCB5F80058F4B9 /* GIDSignInButton.swift */ = {isa = PBXFileReference; lastKnownFileType = sourcecode.swift; path = GIDSignInButton.swift; sourceTree = "<group>"; };
		317CDC8F2A0CE43100C63456 /* PlayerVC.swift */ = {isa = PBXFileReference; lastKnownFileType = sourcecode.swift; name = PlayerVC.swift; path = LibriVox/ViewControllers/HomePage/PlayerVC.swift; sourceTree = SOURCE_ROOT; };
		317FC6A329CE0A3E00E5922A /* HomepageTBC.swift */ = {isa = PBXFileReference; lastKnownFileType = sourcecode.swift; path = HomepageTBC.swift; sourceTree = "<group>"; };
		3183B78A29DF315C00F1AE0A /* LoadingView.swift */ = {isa = PBXFileReference; lastKnownFileType = sourcecode.swift; path = LoadingView.swift; sourceTree = "<group>"; };
		319FA01329C36445006895CB /* LibriVox.app */ = {isa = PBXFileReference; explicitFileType = wrapper.application; includeInIndex = 0; path = LibriVox.app; sourceTree = BUILT_PRODUCTS_DIR; };
		319FA01629C36445006895CB /* AppDelegate.swift */ = {isa = PBXFileReference; lastKnownFileType = sourcecode.swift; path = AppDelegate.swift; sourceTree = "<group>"; };
		319FA01829C36445006895CB /* SceneDelegate.swift */ = {isa = PBXFileReference; lastKnownFileType = sourcecode.swift; path = SceneDelegate.swift; sourceTree = "<group>"; };
		319FA01A29C36445006895CB /* ViewController.swift */ = {isa = PBXFileReference; lastKnownFileType = sourcecode.swift; path = ViewController.swift; sourceTree = "<group>"; };
		319FA01F29C36446006895CB /* Assets.xcassets */ = {isa = PBXFileReference; lastKnownFileType = folder.assetcatalog; path = Assets.xcassets; sourceTree = "<group>"; };
		319FA02229C36446006895CB /* Base */ = {isa = PBXFileReference; lastKnownFileType = file.storyboard; name = Base; path = Base.lproj/LaunchScreen.storyboard; sourceTree = "<group>"; };
		319FA02429C36446006895CB /* Info.plist */ = {isa = PBXFileReference; lastKnownFileType = text.plist.xml; path = Info.plist; sourceTree = "<group>"; };
		319FA02A29C37136006895CB /* LoginRegister.storyboard */ = {isa = PBXFileReference; lastKnownFileType = file.storyboard; path = LoginRegister.storyboard; sourceTree = "<group>"; };
		319FA02C29C37677006895CB /* Nunito-VariableFont_wght.ttf */ = {isa = PBXFileReference; lastKnownFileType = file; path = "Nunito-VariableFont_wght.ttf"; sourceTree = "<group>"; };
		319FA02F29C381E8006895CB /* LibriVox.entitlements */ = {isa = PBXFileReference; lastKnownFileType = text.plist.entitlements; path = LibriVox.entitlements; sourceTree = "<group>"; };
		31A13AD02A24A97C00A577BC /* DownloadManager.swift */ = {isa = PBXFileReference; lastKnownFileType = sourcecode.swift; path = DownloadManager.swift; sourceTree = "<group>"; };
		31B272CA29CE10090041FBA0 /* RequestPhoto.swift */ = {isa = PBXFileReference; lastKnownFileType = sourcecode.swift; path = RequestPhoto.swift; sourceTree = "<group>"; };
		31B6E3522A179E1D0002DD87 /* SectionsTVC.swift */ = {isa = PBXFileReference; lastKnownFileType = sourcecode.swift; path = SectionsTVC.swift; sourceTree = "<group>"; };
		31B94D242A1B6A7E0000A452 /* DownloadVC.swift */ = {isa = PBXFileReference; lastKnownFileType = sourcecode.swift; path = DownloadVC.swift; sourceTree = "<group>"; };
		31C883C829C8ABA600A53C78 /* LoginVC.swift */ = {isa = PBXFileReference; fileEncoding = 4; lastKnownFileType = sourcecode.swift; path = LoginVC.swift; sourceTree = "<group>"; };
		31C883C929C8ABA600A53C78 /* ProfileVC.swift */ = {isa = PBXFileReference; fileEncoding = 4; lastKnownFileType = sourcecode.swift; path = ProfileVC.swift; sourceTree = "<group>"; };
		31C883CA29C8ABA600A53C78 /* Profile.storyboard */ = {isa = PBXFileReference; fileEncoding = 4; lastKnownFileType = file.storyboard; path = Profile.storyboard; sourceTree = "<group>"; };
		31C883D229C8C7C200A53C78 /* Discover.storyboard */ = {isa = PBXFileReference; fileEncoding = 4; lastKnownFileType = file.storyboard; path = Discover.storyboard; sourceTree = "<group>"; };
		31C883D429C8CA3B00A53C78 /* GoogleService-Info.plist */ = {isa = PBXFileReference; fileEncoding = 4; lastKnownFileType = text.plist.xml; path = "GoogleService-Info.plist"; sourceTree = "<group>"; };
		31E1A4B929D5D3F80096740F /* CustomCellBook.swift */ = {isa = PBXFileReference; lastKnownFileType = sourcecode.swift; path = CustomCellBook.swift; sourceTree = "<group>"; };
		31F4EF3729D191CB00F17962 /* RegisterDetailVC.swift */ = {isa = PBXFileReference; lastKnownFileType = sourcecode.swift; path = RegisterDetailVC.swift; sourceTree = "<group>"; };
		31FC0F1D2A126875008FD189 /* PlayerHandler.swift */ = {isa = PBXFileReference; fileEncoding = 4; lastKnownFileType = sourcecode.swift; path = PlayerHandler.swift; sourceTree = "<group>"; };
		6F04C47B29DF37BE008AA945 /* DiscoverVC.swift */ = {isa = PBXFileReference; lastKnownFileType = sourcecode.swift; path = DiscoverVC.swift; sourceTree = "<group>"; };
		6F04C47D29E6C3F3008AA945 /* GenreVC.swift */ = {isa = PBXFileReference; lastKnownFileType = sourcecode.swift; path = GenreVC.swift; sourceTree = "<group>"; };
		6F04C47F29E6CEDF008AA945 /* AudioBooksTVC.swift */ = {isa = PBXFileReference; lastKnownFileType = sourcecode.swift; path = AudioBooksTVC.swift; sourceTree = "<group>"; };
		6F152E2429CCA56A0008846B /* Prata-Regular.ttf */ = {isa = PBXFileReference; lastKnownFileType = file; path = "Prata-Regular.ttf"; sourceTree = "<group>"; };
		6F152E2529CCD12C0008846B /* LibraryVC.swift */ = {isa = PBXFileReference; lastKnownFileType = sourcecode.swift; path = LibraryVC.swift; sourceTree = "<group>"; };
		6F152E2729CCD2030008846B /* ContainerPagesVC.swift */ = {isa = PBXFileReference; lastKnownFileType = sourcecode.swift; path = ContainerPagesVC.swift; sourceTree = "<group>"; };
		6F1C2F9C2A055E6900CABC33 /* Firebase.swift */ = {isa = PBXFileReference; lastKnownFileType = sourcecode.swift; path = Firebase.swift; sourceTree = "<group>"; };
		6F302C8629ED534E00A045ED /* AuthorsVC.swift */ = {isa = PBXFileReference; lastKnownFileType = sourcecode.swift; path = AuthorsVC.swift; sourceTree = "<group>"; };
		6F302C8C29ED55F400A045ED /* AuthorProfileCell.swift */ = {isa = PBXFileReference; lastKnownFileType = sourcecode.swift; path = AuthorProfileCell.swift; sourceTree = "<group>"; };
		6F302C8E29ED82AA00A045ED /* AuthorPageVC.swift */ = {isa = PBXFileReference; lastKnownFileType = sourcecode.swift; path = AuthorPageVC.swift; sourceTree = "<group>"; };
		6F34F9FC29FA975F009A7EDB /* ReadingCellTVC.swift */ = {isa = PBXFileReference; lastKnownFileType = sourcecode.swift; path = ReadingCellTVC.swift; sourceTree = "<group>"; };
		6F34F9FE29FAC6A6009A7EDB /* FavoritesVC.swift */ = {isa = PBXFileReference; lastKnownFileType = sourcecode.swift; path = FavoritesVC.swift; sourceTree = "<group>"; };
		6F34FA0029FAD682009A7EDB /* BookUser.swift */ = {isa = PBXFileReference; lastKnownFileType = sourcecode.swift; path = BookUser.swift; sourceTree = "<group>"; };
		6F34FA0229FAE48A009A7EDB /* FavoritesCellTVC.swift */ = {isa = PBXFileReference; lastKnownFileType = sourcecode.swift; path = FavoritesCellTVC.swift; sourceTree = "<group>"; };
		6F34FA0429FAE7C5009A7EDB /* FinishedCVC.swift */ = {isa = PBXFileReference; lastKnownFileType = sourcecode.swift; path = FinishedCVC.swift; sourceTree = "<group>"; };
		6F3648CF29DB576700B3A398 /* SectionsCell.swift */ = {isa = PBXFileReference; lastKnownFileType = sourcecode.swift; path = SectionsCell.swift; sourceTree = "<group>"; };
		6F425A0E29D59B8000D21047 /* ListBooksCell.swift */ = {isa = PBXFileReference; lastKnownFileType = sourcecode.swift; name = ListBooksCell.swift; path = LibriVox/ViewControllers/Discover/Cells/ListBooksCell.swift; sourceTree = SOURCE_ROOT; };
		6F425A1029D59C6D00D21047 /* ResultBooksVC.swift */ = {isa = PBXFileReference; lastKnownFileType = sourcecode.swift; name = ResultBooksVC.swift; path = LibriVox/ViewControllers/Discover/ResultBooksVC.swift; sourceTree = SOURCE_ROOT; };
		6F425A1629D5CF0600D21047 /* BookDetailsVC.swift */ = {isa = PBXFileReference; lastKnownFileType = sourcecode.swift; name = BookDetailsVC.swift; path = LibriVox/ViewControllers/Discover/BookDetailsVC.swift; sourceTree = SOURCE_ROOT; };
		6F4EC1E829C9DFDB0025B204 /* RoundedBookImageView.swift */ = {isa = PBXFileReference; lastKnownFileType = sourcecode.swift; path = RoundedBookImageView.swift; sourceTree = "<group>"; };
		6F4EC1EA29C9DFF50025B204 /* BlurredImageView.swift */ = {isa = PBXFileReference; lastKnownFileType = sourcecode.swift; path = BlurredImageView.swift; sourceTree = "<group>"; };
		6F4EC1EC29C9DFFB0025B204 /* CircularImageView.swift */ = {isa = PBXFileReference; lastKnownFileType = sourcecode.swift; path = CircularImageView.swift; sourceTree = "<group>"; };
		6F4EC1EE29C9E0020025B204 /* RoundView.swift */ = {isa = PBXFileReference; lastKnownFileType = sourcecode.swift; path = RoundView.swift; sourceTree = "<group>"; };
		6F4EC1F129C9EBF60025B204 /* BlueShadowView.swift */ = {isa = PBXFileReference; lastKnownFileType = sourcecode.swift; path = BlueShadowView.swift; sourceTree = "<group>"; };
		6F50A7922A0A65E400C6EDEC /* LoadingImage.swift */ = {isa = PBXFileReference; lastKnownFileType = sourcecode.swift; path = LoadingImage.swift; sourceTree = "<group>"; };
		6F54867429F9A67B00F89955 /* ReadingVC.swift */ = {isa = PBXFileReference; lastKnownFileType = sourcecode.swift; path = ReadingVC.swift; sourceTree = "<group>"; };
		6F5D644F2A02714500A5B64D /* EditProfileVC.swift */ = {isa = PBXFileReference; lastKnownFileType = sourcecode.swift; path = EditProfileVC.swift; sourceTree = "<group>"; };
		6F6765E829DADF190080874E /* Utils.swift */ = {isa = PBXFileReference; lastKnownFileType = sourcecode.swift; path = Utils.swift; sourceTree = "<group>"; };
		6F711C2229C3A0770029D7B1 /* HomePageViewController.swift */ = {isa = PBXFileReference; lastKnownFileType = sourcecode.swift; path = HomePageViewController.swift; sourceTree = "<group>"; };
		6F711C2A29C3B6340029D7B1 /* HomePage.storyboard */ = {isa = PBXFileReference; lastKnownFileType = file.storyboard; path = HomePage.storyboard; sourceTree = "<group>"; };
		6F7E80882A114F2800B76D9F /* ToggleBtn.swift */ = {isa = PBXFileReference; lastKnownFileType = sourcecode.swift; path = ToggleBtn.swift; sourceTree = "<group>"; };
		6F83BD582A1E603900D39ADF /* LaunchScreenVC.swift */ = {isa = PBXFileReference; lastKnownFileType = sourcecode.swift; path = LaunchScreenVC.swift; sourceTree = "<group>"; };
		6F99531E29DC781C0016B1AC /* DiscoverOptionsVC.swift */ = {isa = PBXFileReference; fileEncoding = 4; lastKnownFileType = sourcecode.swift; path = DiscoverOptionsVC.swift; sourceTree = "<group>"; };
		6F99532029DC78340016B1AC /* AuthorsCell.swift */ = {isa = PBXFileReference; fileEncoding = 4; lastKnownFileType = sourcecode.swift; path = AuthorsCell.swift; sourceTree = "<group>"; };
		6FB33FE929CC9726008CC60C /* Library.storyboard */ = {isa = PBXFileReference; lastKnownFileType = file.storyboard; path = Library.storyboard; sourceTree = "<group>"; };
		6FCCC9FD2A00683500658231 /* BlueShadowUITextField.swift */ = {isa = PBXFileReference; lastKnownFileType = sourcecode.swift; path = BlueShadowUITextField.swift; sourceTree = "<group>"; };
		6FCCC9FF2A008C3300658231 /* GenreWithColor.swift */ = {isa = PBXFileReference; lastKnownFileType = sourcecode.swift; path = GenreWithColor.swift; sourceTree = "<group>"; };
		6FCF9F9E29E7143F00A5DD62 /* CategoriesVC.swift */ = {isa = PBXFileReference; lastKnownFileType = sourcecode.swift; path = CategoriesVC.swift; sourceTree = "<group>"; };
		6FCF9FA029E715EC00A5DD62 /* CategoriesCell.swift */ = {isa = PBXFileReference; lastKnownFileType = sourcecode.swift; path = CategoriesCell.swift; sourceTree = "<group>"; };
		9CA6B00D0BC96EE8B4F87816 /* Pods-LibriVox.debug.xcconfig */ = {isa = PBXFileReference; includeInIndex = 1; lastKnownFileType = text.xcconfig; name = "Pods-LibriVox.debug.xcconfig"; path = "Target Support Files/Pods-LibriVox/Pods-LibriVox.debug.xcconfig"; sourceTree = "<group>"; };
		AFB04722E8E00BA32719FA38 /* Pods_LibriVox.framework */ = {isa = PBXFileReference; explicitFileType = wrapper.framework; includeInIndex = 0; path = Pods_LibriVox.framework; sourceTree = BUILT_PRODUCTS_DIR; };
/* End PBXFileReference section */

/* Begin PBXFrameworksBuildPhase section */
		319FA01029C36445006895CB /* Frameworks */ = {
			isa = PBXFrameworksBuildPhase;
			buildActionMask = 2147483647;
			files = (
				31DB788F29C8648D00006CE8 /* FirebaseDatabaseSwift in Frameworks */,
				312809882A08F3B400B6BAE7 /* Reachability in Frameworks */,
				31DB789329C8648D00006CE8 /* FirebaseFunctions in Frameworks */,
				31DB789729C8648D00006CE8 /* FirebaseStorage in Frameworks */,
				31DB788929C8648D00006CE8 /* FirebaseAnalyticsSwift in Frameworks */,
				317B4C0A29CCBD6A0058F4B9 /* SimpleToast in Frameworks */,
				31DB789529C8648D00006CE8 /* FirebaseInstallations in Frameworks */,
				317B4C0129CC78540058F4B9 /* GoogleSignIn in Frameworks */,
				31DB788B29C8648D00006CE8 /* FirebaseAuth in Frameworks */,
				31DB788D29C8648D00006CE8 /* FirebaseDatabase in Frameworks */,
				31DB788729C8648D00006CE8 /* FirebaseAnalytics in Frameworks */,
				31DB789129C8648D00006CE8 /* FirebaseFirestore in Frameworks */,
				317B4C0329CC78540058F4B9 /* GoogleSignInSwift in Frameworks */,
				365AF41002661E35432015C8 /* Pods_LibriVox.framework in Frameworks */,
			);
			runOnlyForDeploymentPostprocessing = 0;
		};
/* End PBXFrameworksBuildPhase section */

/* Begin PBXGroup section */
		315F0D852A1CEB8900B4B0CB /* Alerts */ = {
			isa = PBXGroup;
			children = (
				315F0D862A1CEBA400B4B0CB /* preparePlayerAlert.swift */,
			);
			path = Alerts;
			sourceTree = "<group>";
		};
		319FA00A29C36445006895CB = {
			isa = PBXGroup;
			children = (
				319FA01529C36445006895CB /* LibriVox */,
				319FA01429C36445006895CB /* Products */,
				F36168E567ACAFC0FB35F5E2 /* Pods */,
				76B4E3289CC9AFD3C446A7A8 /* Frameworks */,
			);
			sourceTree = "<group>";
		};
		319FA01429C36445006895CB /* Products */ = {
			isa = PBXGroup;
			children = (
				319FA01329C36445006895CB /* LibriVox.app */,
			);
			name = Products;
			sourceTree = "<group>";
		};
		319FA01529C36445006895CB /* LibriVox */ = {
			isa = PBXGroup;
			children = (
				315F0D852A1CEB8900B4B0CB /* Alerts */,
				319FA02F29C381E8006895CB /* LibriVox.entitlements */,
				6F43C7D529D1F01F0013232C /* StoryBoard */,
				6F43C7D329D1EFBC0013232C /* ViewControllers */,
				6F43C7D129D1EF7E0013232C /* Models */,
				6F4EC1F029C9E61D0025B204 /* CustomViews */,
				6F50A7982A0AFC2700C6EDEC /* Utils */,
				319FA01629C36445006895CB /* AppDelegate.swift */,
				6F83BD582A1E603900D39ADF /* LaunchScreenVC.swift */,
				319FA01829C36445006895CB /* SceneDelegate.swift */,
				319FA02129C36446006895CB /* LaunchScreen.storyboard */,
				319FA01F29C36446006895CB /* Assets.xcassets */,
				6F152E2429CCA56A0008846B /* Prata-Regular.ttf */,
				319FA02C29C37677006895CB /* Nunito-VariableFont_wght.ttf */,
				319FA02429C36446006895CB /* Info.plist */,
				31C883D429C8CA3B00A53C78 /* GoogleService-Info.plist */,
			);
			path = LibriVox;
			sourceTree = "<group>";
		};
		6F34F9FB29FA973E009A7EDB /* Cells */ = {
			isa = PBXGroup;
			children = (
				6F34F9FC29FA975F009A7EDB /* ReadingCellTVC.swift */,
				6F34FA0229FAE48A009A7EDB /* FavoritesCellTVC.swift */,
			);
			path = Cells;
			sourceTree = "<group>";
		};
		6F43C7D129D1EF7E0013232C /* Models */ = {
			isa = PBXGroup;
			children = (
				317B4C0429CC9D3C0058F4B9 /* User.swift */,
				3115156129DB2099007FB168 /* Trending.swift */,
				6F34FA0029FAD682009A7EDB /* BookUser.swift */,
				6FCCC9FF2A008C3300658231 /* GenreWithColor.swift */,
			);
			path = Models;
			sourceTree = "<group>";
		};
		6F43C7D329D1EFBC0013232C /* ViewControllers */ = {
			isa = PBXGroup;
			children = (
				317FC6A329CE0A3E00E5922A /* HomepageTBC.swift */,
				319FA01A29C36445006895CB /* ViewController.swift */,
				6F43C7DA29D1F09C0013232C /* Discover */,
				6F43C7D929D1F08A0013232C /* Library */,
				6F43C7D829D1F0820013232C /* LoginRegister */,
				6F43C7D729D1F0760013232C /* HomePage */,
				6F43C7D629D1F06D0013232C /* Profile */,
			);
			path = ViewControllers;
			sourceTree = "<group>";
		};
		6F43C7D529D1F01F0013232C /* StoryBoard */ = {
			isa = PBXGroup;
			children = (
				319FA02A29C37136006895CB /* LoginRegister.storyboard */,
				31C883CA29C8ABA600A53C78 /* Profile.storyboard */,
				6FB33FE929CC9726008CC60C /* Library.storyboard */,
				31C883D229C8C7C200A53C78 /* Discover.storyboard */,
				6F711C2A29C3B6340029D7B1 /* HomePage.storyboard */,
			);
			path = StoryBoard;
			sourceTree = "<group>";
		};
		6F43C7D629D1F06D0013232C /* Profile */ = {
			isa = PBXGroup;
			children = (
				31C883C929C8ABA600A53C78 /* ProfileVC.swift */,
				6F5D644F2A02714500A5B64D /* EditProfileVC.swift */,
			);
			path = Profile;
			sourceTree = "<group>";
		};
		6F43C7D729D1F0760013232C /* HomePage */ = {
			isa = PBXGroup;
			children = (
				317CDC8F2A0CE43100C63456 /* PlayerVC.swift */,
				31167AA829ED547800B9845A /* TrendingBooksVC.swift */,
				6F711C2229C3A0770029D7B1 /* HomePageViewController.swift */,
				31B6E3522A179E1D0002DD87 /* SectionsTVC.swift */,
				31B94D242A1B6A7E0000A452 /* DownloadVC.swift */,
			);
			path = HomePage;
			sourceTree = "<group>";
		};
		6F43C7D829D1F0820013232C /* LoginRegister */ = {
			isa = PBXGroup;
			children = (
				31C883C829C8ABA600A53C78 /* LoginVC.swift */,
				317B4BFD29CC6FD30058F4B9 /* RegisterVC.swift */,
				31F4EF3729D191CB00F17962 /* RegisterDetailVC.swift */,
			);
			path = LoginRegister;
			sourceTree = "<group>";
		};
		6F43C7D929D1F08A0013232C /* Library */ = {
			isa = PBXGroup;
			children = (
				6F34F9FB29FA973E009A7EDB /* Cells */,
				6F152E2529CCD12C0008846B /* LibraryVC.swift */,
				6F152E2729CCD2030008846B /* ContainerPagesVC.swift */,
				6F54867429F9A67B00F89955 /* ReadingVC.swift */,
				6F34F9FE29FAC6A6009A7EDB /* FavoritesVC.swift */,
				6F34FA0429FAE7C5009A7EDB /* FinishedCVC.swift */,
			);
			path = Library;
			sourceTree = "<group>";
		};
		6F43C7DA29D1F09C0013232C /* Discover */ = {
			isa = PBXGroup;
			children = (
				6F425A1629D5CF0600D21047 /* BookDetailsVC.swift */,
				6FCF9F9D29E712C100A5DD62 /* Cells */,
				6F99531E29DC781C0016B1AC /* DiscoverOptionsVC.swift */,
				6F425A1029D59C6D00D21047 /* ResultBooksVC.swift */,
				6F04C47B29DF37BE008AA945 /* DiscoverVC.swift */,
				6F04C47D29E6C3F3008AA945 /* GenreVC.swift */,
				6FCF9F9E29E7143F00A5DD62 /* CategoriesVC.swift */,
				6F302C8629ED534E00A045ED /* AuthorsVC.swift */,
				6F302C8E29ED82AA00A045ED /* AuthorPageVC.swift */,
			);
			path = Discover;
			sourceTree = "<group>";
		};
		6F4EC1F029C9E61D0025B204 /* CustomViews */ = {
			isa = PBXGroup;
			children = (
				6F4EC1EC29C9DFFB0025B204 /* CircularImageView.swift */,
				6F4EC1EE29C9E0020025B204 /* RoundView.swift */,
				6F4EC1E829C9DFDB0025B204 /* RoundedBookImageView.swift */,
				6F4EC1EA29C9DFF50025B204 /* BlurredImageView.swift */,
				6F4EC1F129C9EBF60025B204 /* BlueShadowView.swift */,
				31B272CA29CE10090041FBA0 /* RequestPhoto.swift */,
				317B4C0629CCB5F80058F4B9 /* GIDSignInButton.swift */,
				31E1A4B929D5D3F80096740F /* CustomCellBook.swift */,
				3183B78A29DF315C00F1AE0A /* LoadingView.swift */,
				6FCCC9FD2A00683500658231 /* BlueShadowUITextField.swift */,
				6F7E80882A114F2800B76D9F /* ToggleBtn.swift */,
			);
			path = CustomViews;
			sourceTree = "<group>";
		};
		6F50A7982A0AFC2700C6EDEC /* Utils */ = {
			isa = PBXGroup;
			children = (
				31FC0F1D2A126875008FD189 /* PlayerHandler.swift */,
				6F50A7922A0A65E400C6EDEC /* LoadingImage.swift */,
				6F6765E829DADF190080874E /* Utils.swift */,
				6F1C2F9C2A055E6900CABC33 /* Firebase.swift */,
				31A13AD02A24A97C00A577BC /* DownloadManager.swift */,
			);
			path = Utils;
			sourceTree = "<group>";
		};
		6FCF9F9D29E712C100A5DD62 /* Cells */ = {
			isa = PBXGroup;
			children = (
				6F04C47F29E6CEDF008AA945 /* AudioBooksTVC.swift */,
				6F3648CF29DB576700B3A398 /* SectionsCell.swift */,
				6F425A0E29D59B8000D21047 /* ListBooksCell.swift */,
				6F99532029DC78340016B1AC /* AuthorsCell.swift */,
				6FCF9FA029E715EC00A5DD62 /* CategoriesCell.swift */,
				6F302C8C29ED55F400A045ED /* AuthorProfileCell.swift */,
			);
			path = Cells;
			sourceTree = "<group>";
		};
		76B4E3289CC9AFD3C446A7A8 /* Frameworks */ = {
			isa = PBXGroup;
			children = (
				AFB04722E8E00BA32719FA38 /* Pods_LibriVox.framework */,
			);
			name = Frameworks;
			sourceTree = "<group>";
		};
		F36168E567ACAFC0FB35F5E2 /* Pods */ = {
			isa = PBXGroup;
			children = (
				9CA6B00D0BC96EE8B4F87816 /* Pods-LibriVox.debug.xcconfig */,
				1133B8F9948BBD39ED777F52 /* Pods-LibriVox.release.xcconfig */,
			);
			path = Pods;
			sourceTree = "<group>";
		};
/* End PBXGroup section */

/* Begin PBXNativeTarget section */
		319FA01229C36445006895CB /* LibriVox */ = {
			isa = PBXNativeTarget;
			buildConfigurationList = 319FA02729C36446006895CB /* Build configuration list for PBXNativeTarget "LibriVox" */;
			buildPhases = (
				56C1529F9AFA150722B4CB4B /* [CP] Check Pods Manifest.lock */,
				319FA00F29C36445006895CB /* Sources */,
				319FA01029C36445006895CB /* Frameworks */,
				319FA01129C36445006895CB /* Resources */,
				521BE7348DE94AEB48BF1CBA /* [CP] Embed Pods Frameworks */,
			);
			buildRules = (
			);
			dependencies = (
			);
			name = LibriVox;
			packageProductDependencies = (
				31DB788629C8648D00006CE8 /* FirebaseAnalytics */,
				31DB788829C8648D00006CE8 /* FirebaseAnalyticsSwift */,
				31DB788A29C8648D00006CE8 /* FirebaseAuth */,
				31DB788C29C8648D00006CE8 /* FirebaseDatabase */,
				31DB788E29C8648D00006CE8 /* FirebaseDatabaseSwift */,
				31DB789029C8648D00006CE8 /* FirebaseFirestore */,
				31DB789229C8648D00006CE8 /* FirebaseFunctions */,
				31DB789429C8648D00006CE8 /* FirebaseInstallations */,
				31DB789629C8648D00006CE8 /* FirebaseStorage */,
				317B4C0029CC78540058F4B9 /* GoogleSignIn */,
				317B4C0229CC78540058F4B9 /* GoogleSignInSwift */,
				317B4C0929CCBD6A0058F4B9 /* SimpleToast */,
				312809872A08F3B400B6BAE7 /* Reachability */,
			);
			productName = LibriVox;
			productReference = 319FA01329C36445006895CB /* LibriVox.app */;
			productType = "com.apple.product-type.application";
		};
/* End PBXNativeTarget section */

/* Begin PBXProject section */
		319FA00B29C36445006895CB /* Project object */ = {
			isa = PBXProject;
			attributes = {
				BuildIndependentTargetsInParallel = 1;
				LastSwiftUpdateCheck = 1420;
				LastUpgradeCheck = 1420;
				TargetAttributes = {
					319FA01229C36445006895CB = {
						CreatedOnToolsVersion = 14.2;
					};
				};
			};
			buildConfigurationList = 319FA00E29C36445006895CB /* Build configuration list for PBXProject "LibriVox" */;
			compatibilityVersion = "Xcode 14.0";
			developmentRegion = en;
			hasScannedForEncodings = 0;
			knownRegions = (
				en,
				Base,
			);
			mainGroup = 319FA00A29C36445006895CB;
			packageReferences = (
				31DB788529C8648D00006CE8 /* XCRemoteSwiftPackageReference "firebase-ios-sdk" */,
				317B4BFF29CC78540058F4B9 /* XCRemoteSwiftPackageReference "GoogleSignIn-iOS" */,
				317B4C0829CCBD6A0058F4B9 /* XCRemoteSwiftPackageReference "SimpleToast" */,
				312809862A08F3B400B6BAE7 /* XCRemoteSwiftPackageReference "Reachability" */,
			);
			productRefGroup = 319FA01429C36445006895CB /* Products */;
			projectDirPath = "";
			projectRoot = "";
			targets = (
				319FA01229C36445006895CB /* LibriVox */,
			);
		};
/* End PBXProject section */

/* Begin PBXResourcesBuildPhase section */
		319FA01129C36445006895CB /* Resources */ = {
			isa = PBXResourcesBuildPhase;
			buildActionMask = 2147483647;
			files = (
				6F793CD029E86B0E004763DE /* Prata-Regular.ttf in Resources */,
				319FA02329C36446006895CB /* LaunchScreen.storyboard in Resources */,
				31C883CE29C8ABA600A53C78 /* Profile.storyboard in Resources */,
				319FA02B29C37136006895CB /* LoginRegister.storyboard in Resources */,
				319FA02029C36446006895CB /* Assets.xcassets in Resources */,
				6FB33FEA29CC9726008CC60C /* Library.storyboard in Resources */,
				31C883D529C8CA3B00A53C78 /* GoogleService-Info.plist in Resources */,
				319FA02D29C37677006895CB /* Nunito-VariableFont_wght.ttf in Resources */,
				6F711C2B29C3B6340029D7B1 /* HomePage.storyboard in Resources */,
				31C883D329C8C7C200A53C78 /* Discover.storyboard in Resources */,
			);
			runOnlyForDeploymentPostprocessing = 0;
		};
/* End PBXResourcesBuildPhase section */

/* Begin PBXShellScriptBuildPhase section */
		521BE7348DE94AEB48BF1CBA /* [CP] Embed Pods Frameworks */ = {
			isa = PBXShellScriptBuildPhase;
			buildActionMask = 2147483647;
			files = (
			);
			inputFileListPaths = (
				"${PODS_ROOT}/Target Support Files/Pods-LibriVox/Pods-LibriVox-frameworks-${CONFIGURATION}-input-files.xcfilelist",
			);
			name = "[CP] Embed Pods Frameworks";
			outputFileListPaths = (
				"${PODS_ROOT}/Target Support Files/Pods-LibriVox/Pods-LibriVox-frameworks-${CONFIGURATION}-output-files.xcfilelist",
			);
			runOnlyForDeploymentPostprocessing = 0;
			shellPath = /bin/sh;
			shellScript = "\"${PODS_ROOT}/Target Support Files/Pods-LibriVox/Pods-LibriVox-frameworks.sh\"\n";
			showEnvVarsInLog = 0;
		};
		56C1529F9AFA150722B4CB4B /* [CP] Check Pods Manifest.lock */ = {
			isa = PBXShellScriptBuildPhase;
			buildActionMask = 2147483647;
			files = (
			);
			inputFileListPaths = (
			);
			inputPaths = (
				"${PODS_PODFILE_DIR_PATH}/Podfile.lock",
				"${PODS_ROOT}/Manifest.lock",
			);
			name = "[CP] Check Pods Manifest.lock";
			outputFileListPaths = (
			);
			outputPaths = (
				"$(DERIVED_FILE_DIR)/Pods-LibriVox-checkManifestLockResult.txt",
			);
			runOnlyForDeploymentPostprocessing = 0;
			shellPath = /bin/sh;
			shellScript = "diff \"${PODS_PODFILE_DIR_PATH}/Podfile.lock\" \"${PODS_ROOT}/Manifest.lock\" > /dev/null\nif [ $? != 0 ] ; then\n    # print error to STDERR\n    echo \"error: The sandbox is not in sync with the Podfile.lock. Run 'pod install' or update your CocoaPods installation.\" >&2\n    exit 1\nfi\n# This output is used by Xcode 'outputs' to avoid re-running this script phase.\necho \"SUCCESS\" > \"${SCRIPT_OUTPUT_FILE_0}\"\n";
			showEnvVarsInLog = 0;
		};
/* End PBXShellScriptBuildPhase section */

/* Begin PBXSourcesBuildPhase section */
		319FA00F29C36445006895CB /* Sources */ = {
			isa = PBXSourcesBuildPhase;
			buildActionMask = 2147483647;
			files = (
				317CDC902A0CE43100C63456 /* PlayerVC.swift in Sources */,
				31FC0F1E2A126875008FD189 /* PlayerHandler.swift in Sources */,
				317B4C0529CC9D3C0058F4B9 /* User.swift in Sources */,
				6F5D64502A02714500A5B64D /* EditProfileVC.swift in Sources */,
				31C883CD29C8ABA600A53C78 /* ProfileVC.swift in Sources */,
				6F3648D029DB576700B3A398 /* SectionsCell.swift in Sources */,
				6FCCCA002A008C3300658231 /* GenreWithColor.swift in Sources */,
				31E1A4BA29D5D3F80096740F /* CustomCellBook.swift in Sources */,
				6F425A1729D5CF0600D21047 /* BookDetailsVC.swift in Sources */,
				6F4EC1ED29C9DFFB0025B204 /* CircularImageView.swift in Sources */,
				315F0D872A1CEBA400B4B0CB /* preparePlayerAlert.swift in Sources */,
				6F83BD592A1E603900D39ADF /* LaunchScreenVC.swift in Sources */,
				6F7E80892A114F2800B76D9F /* ToggleBtn.swift in Sources */,
				6FCF9F9F29E7143F00A5DD62 /* CategoriesVC.swift in Sources */,
				6FCF9FA129E715EC00A5DD62 /* CategoriesCell.swift in Sources */,
				6F711C2329C3A0770029D7B1 /* HomePageViewController.swift in Sources */,
				6F4EC1E929C9DFDB0025B204 /* RoundedBookImageView.swift in Sources */,
				6FCCC9FE2A00683500658231 /* BlueShadowUITextField.swift in Sources */,
				6F34FA0529FAE7C5009A7EDB /* FinishedCVC.swift in Sources */,
				6F302C8729ED534E00A045ED /* AuthorsVC.swift in Sources */,
				317FC6A429CE0A3E00E5922A /* HomepageTBC.swift in Sources */,
				319FA01B29C36445006895CB /* ViewController.swift in Sources */,
				6F302C8F29ED82AA00A045ED /* AuthorPageVC.swift in Sources */,
				319FA01729C36445006895CB /* AppDelegate.swift in Sources */,
				6F302C8D29ED55F400A045ED /* AuthorProfileCell.swift in Sources */,
				6F54867529F9A67B00F89955 /* ReadingVC.swift in Sources */,
				6F1C2F9D2A055E6900CABC33 /* Firebase.swift in Sources */,
				6F04C48029E6CEDF008AA945 /* AudioBooksTVC.swift in Sources */,
				6F425A1129D59C6D00D21047 /* ResultBooksVC.swift in Sources */,
				319FA01929C36445006895CB /* SceneDelegate.swift in Sources */,
				3115156229DB2099007FB168 /* Trending.swift in Sources */,
				31C883CC29C8ABA600A53C78 /* LoginVC.swift in Sources */,
				31F4EF3829D191CB00F17962 /* RegisterDetailVC.swift in Sources */,
				6F4EC1EB29C9DFF50025B204 /* BlurredImageView.swift in Sources */,
				6F04C47E29E6C3F3008AA945 /* GenreVC.swift in Sources */,
				6F425A0F29D59B8000D21047 /* ListBooksCell.swift in Sources */,
				31B94D252A1B6A7E0000A452 /* DownloadVC.swift in Sources */,
				6F99532129DC78340016B1AC /* AuthorsCell.swift in Sources */,
				6F34F9FF29FAC6A6009A7EDB /* FavoritesVC.swift in Sources */,
				6F34FA0129FAD682009A7EDB /* BookUser.swift in Sources */,
				317B4C0729CCB5F80058F4B9 /* GIDSignInButton.swift in Sources */,
				317B4BFE29CC6FD30058F4B9 /* RegisterVC.swift in Sources */,
				6F34F9FD29FA975F009A7EDB /* ReadingCellTVC.swift in Sources */,
				6F34FA0329FAE48A009A7EDB /* FavoritesCellTVC.swift in Sources */,
				6F4EC1F229C9EBF60025B204 /* BlueShadowView.swift in Sources */,
				6F99531F29DC781C0016B1AC /* DiscoverOptionsVC.swift in Sources */,
				31B272CB29CE10090041FBA0 /* RequestPhoto.swift in Sources */,
				31167AA929ED547800B9845A /* TrendingBooksVC.swift in Sources */,
				6F152E2829CCD2030008846B /* ContainerPagesVC.swift in Sources */,
				31B6E3532A179E1D0002DD87 /* SectionsTVC.swift in Sources */,
				6F50A7932A0A65E400C6EDEC /* LoadingImage.swift in Sources */,
				3183B78B29DF315C00F1AE0A /* LoadingView.swift in Sources */,
				31A13AD12A24A97C00A577BC /* DownloadManager.swift in Sources */,
				6F4EC1EF29C9E0020025B204 /* RoundView.swift in Sources */,
				6F04C47C29DF37BE008AA945 /* DiscoverVC.swift in Sources */,
				6F152E2629CCD12C0008846B /* LibraryVC.swift in Sources */,
				6F6765E929DADF190080874E /* Utils.swift in Sources */,
			);
			runOnlyForDeploymentPostprocessing = 0;
		};
/* End PBXSourcesBuildPhase section */

/* Begin PBXVariantGroup section */
		319FA02129C36446006895CB /* LaunchScreen.storyboard */ = {
			isa = PBXVariantGroup;
			children = (
				319FA02229C36446006895CB /* Base */,
			);
			name = LaunchScreen.storyboard;
			sourceTree = "<group>";
		};
/* End PBXVariantGroup section */

/* Begin XCBuildConfiguration section */
		319FA02529C36446006895CB /* Debug */ = {
			isa = XCBuildConfiguration;
			buildSettings = {
				ALWAYS_SEARCH_USER_PATHS = NO;
				CLANG_ANALYZER_NONNULL = YES;
				CLANG_ANALYZER_NUMBER_OBJECT_CONVERSION = YES_AGGRESSIVE;
				CLANG_CXX_LANGUAGE_STANDARD = "gnu++20";
				CLANG_ENABLE_MODULES = YES;
				CLANG_ENABLE_OBJC_ARC = YES;
				CLANG_ENABLE_OBJC_WEAK = YES;
				CLANG_WARN_BLOCK_CAPTURE_AUTORELEASING = YES;
				CLANG_WARN_BOOL_CONVERSION = YES;
				CLANG_WARN_COMMA = YES;
				CLANG_WARN_CONSTANT_CONVERSION = YES;
				CLANG_WARN_DEPRECATED_OBJC_IMPLEMENTATIONS = YES;
				CLANG_WARN_DIRECT_OBJC_ISA_USAGE = YES_ERROR;
				CLANG_WARN_DOCUMENTATION_COMMENTS = YES;
				CLANG_WARN_EMPTY_BODY = YES;
				CLANG_WARN_ENUM_CONVERSION = YES;
				CLANG_WARN_INFINITE_RECURSION = YES;
				CLANG_WARN_INT_CONVERSION = YES;
				CLANG_WARN_NON_LITERAL_NULL_CONVERSION = YES;
				CLANG_WARN_OBJC_IMPLICIT_RETAIN_SELF = YES;
				CLANG_WARN_OBJC_LITERAL_CONVERSION = YES;
				CLANG_WARN_OBJC_ROOT_CLASS = YES_ERROR;
				CLANG_WARN_QUOTED_INCLUDE_IN_FRAMEWORK_HEADER = YES;
				CLANG_WARN_RANGE_LOOP_ANALYSIS = YES;
				CLANG_WARN_STRICT_PROTOTYPES = YES;
				CLANG_WARN_SUSPICIOUS_MOVE = YES;
				CLANG_WARN_UNGUARDED_AVAILABILITY = YES_AGGRESSIVE;
				CLANG_WARN_UNREACHABLE_CODE = YES;
				CLANG_WARN__DUPLICATE_METHOD_MATCH = YES;
				COPY_PHASE_STRIP = NO;
				DEBUG_INFORMATION_FORMAT = dwarf;
				ENABLE_STRICT_OBJC_MSGSEND = YES;
				ENABLE_TESTABILITY = YES;
				GCC_C_LANGUAGE_STANDARD = gnu11;
				GCC_DYNAMIC_NO_PIC = NO;
				GCC_NO_COMMON_BLOCKS = YES;
				GCC_OPTIMIZATION_LEVEL = 0;
				GCC_PREPROCESSOR_DEFINITIONS = (
					"DEBUG=1",
					"$(inherited)",
				);
				GCC_WARN_64_TO_32_BIT_CONVERSION = YES;
				GCC_WARN_ABOUT_RETURN_TYPE = YES_ERROR;
				GCC_WARN_UNDECLARED_SELECTOR = YES;
				GCC_WARN_UNINITIALIZED_AUTOS = YES_AGGRESSIVE;
				GCC_WARN_UNUSED_FUNCTION = YES;
				GCC_WARN_UNUSED_VARIABLE = YES;
				IPHONEOS_DEPLOYMENT_TARGET = 16.2;
				MTL_ENABLE_DEBUG_INFO = INCLUDE_SOURCE;
				MTL_FAST_MATH = YES;
				ONLY_ACTIVE_ARCH = YES;
				SDKROOT = iphoneos;
				SWIFT_ACTIVE_COMPILATION_CONDITIONS = DEBUG;
				SWIFT_OPTIMIZATION_LEVEL = "-Onone";
			};
			name = Debug;
		};
		319FA02629C36446006895CB /* Release */ = {
			isa = XCBuildConfiguration;
			buildSettings = {
				ALWAYS_SEARCH_USER_PATHS = NO;
				CLANG_ANALYZER_NONNULL = YES;
				CLANG_ANALYZER_NUMBER_OBJECT_CONVERSION = YES_AGGRESSIVE;
				CLANG_CXX_LANGUAGE_STANDARD = "gnu++20";
				CLANG_ENABLE_MODULES = YES;
				CLANG_ENABLE_OBJC_ARC = YES;
				CLANG_ENABLE_OBJC_WEAK = YES;
				CLANG_WARN_BLOCK_CAPTURE_AUTORELEASING = YES;
				CLANG_WARN_BOOL_CONVERSION = YES;
				CLANG_WARN_COMMA = YES;
				CLANG_WARN_CONSTANT_CONVERSION = YES;
				CLANG_WARN_DEPRECATED_OBJC_IMPLEMENTATIONS = YES;
				CLANG_WARN_DIRECT_OBJC_ISA_USAGE = YES_ERROR;
				CLANG_WARN_DOCUMENTATION_COMMENTS = YES;
				CLANG_WARN_EMPTY_BODY = YES;
				CLANG_WARN_ENUM_CONVERSION = YES;
				CLANG_WARN_INFINITE_RECURSION = YES;
				CLANG_WARN_INT_CONVERSION = YES;
				CLANG_WARN_NON_LITERAL_NULL_CONVERSION = YES;
				CLANG_WARN_OBJC_IMPLICIT_RETAIN_SELF = YES;
				CLANG_WARN_OBJC_LITERAL_CONVERSION = YES;
				CLANG_WARN_OBJC_ROOT_CLASS = YES_ERROR;
				CLANG_WARN_QUOTED_INCLUDE_IN_FRAMEWORK_HEADER = YES;
				CLANG_WARN_RANGE_LOOP_ANALYSIS = YES;
				CLANG_WARN_STRICT_PROTOTYPES = YES;
				CLANG_WARN_SUSPICIOUS_MOVE = YES;
				CLANG_WARN_UNGUARDED_AVAILABILITY = YES_AGGRESSIVE;
				CLANG_WARN_UNREACHABLE_CODE = YES;
				CLANG_WARN__DUPLICATE_METHOD_MATCH = YES;
				COPY_PHASE_STRIP = NO;
				DEBUG_INFORMATION_FORMAT = "dwarf-with-dsym";
				ENABLE_NS_ASSERTIONS = NO;
				ENABLE_STRICT_OBJC_MSGSEND = YES;
				GCC_C_LANGUAGE_STANDARD = gnu11;
				GCC_NO_COMMON_BLOCKS = YES;
				GCC_WARN_64_TO_32_BIT_CONVERSION = YES;
				GCC_WARN_ABOUT_RETURN_TYPE = YES_ERROR;
				GCC_WARN_UNDECLARED_SELECTOR = YES;
				GCC_WARN_UNINITIALIZED_AUTOS = YES_AGGRESSIVE;
				GCC_WARN_UNUSED_FUNCTION = YES;
				GCC_WARN_UNUSED_VARIABLE = YES;
				IPHONEOS_DEPLOYMENT_TARGET = 16.2;
				MTL_ENABLE_DEBUG_INFO = NO;
				MTL_FAST_MATH = YES;
				SDKROOT = iphoneos;
				SWIFT_COMPILATION_MODE = wholemodule;
				SWIFT_OPTIMIZATION_LEVEL = "-O";
				VALIDATE_PRODUCT = YES;
			};
			name = Release;
		};
		319FA02829C36446006895CB /* Debug */ = {
			isa = XCBuildConfiguration;
			baseConfigurationReference = 9CA6B00D0BC96EE8B4F87816 /* Pods-LibriVox.debug.xcconfig */;
			buildSettings = {
				ASSETCATALOG_COMPILER_APPICON_NAME = AppIcon;
				ASSETCATALOG_COMPILER_GLOBAL_ACCENT_COLOR_NAME = AccentColor;
				CODE_SIGN_ENTITLEMENTS = LibriVox/LibriVox.entitlements;
				CODE_SIGN_STYLE = Automatic;
				CURRENT_PROJECT_VERSION = 1;
				DEVELOPMENT_TEAM = MTM5ALV4H3;
				GENERATE_INFOPLIST_FILE = YES;
				INFOPLIST_FILE = LibriVox/Info.plist;
				INFOPLIST_KEY_UIApplicationSupportsIndirectInputEvents = YES;
				INFOPLIST_KEY_UILaunchStoryboardName = LaunchScreen;
				INFOPLIST_KEY_UIMainStoryboardFile = LoginRegister;
				INFOPLIST_KEY_UISupportedInterfaceOrientations_iPad = "UIInterfaceOrientationPortrait UIInterfaceOrientationPortraitUpsideDown UIInterfaceOrientationLandscapeLeft UIInterfaceOrientationLandscapeRight";
				INFOPLIST_KEY_UISupportedInterfaceOrientations_iPhone = "UIInterfaceOrientationPortrait UIInterfaceOrientationLandscapeLeft UIInterfaceOrientationLandscapeRight";
				LD_RUNPATH_SEARCH_PATHS = (
					"$(inherited)",
					"@executable_path/Frameworks",
				);
				MARKETING_VERSION = 1.0.1;
				PRODUCT_BUNDLE_IDENTIFIER = mindprober.LibriVox;
				PRODUCT_NAME = "$(TARGET_NAME)";
				SWIFT_EMIT_LOC_STRINGS = YES;
				SWIFT_VERSION = 5.0;
				TARGETED_DEVICE_FAMILY = "1,2";
			};
			name = Debug;
		};
		319FA02929C36446006895CB /* Release */ = {
			isa = XCBuildConfiguration;
			baseConfigurationReference = 1133B8F9948BBD39ED777F52 /* Pods-LibriVox.release.xcconfig */;
			buildSettings = {
				ASSETCATALOG_COMPILER_APPICON_NAME = AppIcon;
				ASSETCATALOG_COMPILER_GLOBAL_ACCENT_COLOR_NAME = AccentColor;
				CODE_SIGN_ENTITLEMENTS = LibriVox/LibriVox.entitlements;
				CODE_SIGN_STYLE = Automatic;
				CURRENT_PROJECT_VERSION = 1;
				DEVELOPMENT_TEAM = MTM5ALV4H3;
				GENERATE_INFOPLIST_FILE = YES;
				INFOPLIST_FILE = LibriVox/Info.plist;
				INFOPLIST_KEY_UIApplicationSupportsIndirectInputEvents = YES;
				INFOPLIST_KEY_UILaunchStoryboardName = LaunchScreen;
				INFOPLIST_KEY_UIMainStoryboardFile = LoginRegister;
				INFOPLIST_KEY_UISupportedInterfaceOrientations_iPad = "UIInterfaceOrientationPortrait UIInterfaceOrientationPortraitUpsideDown UIInterfaceOrientationLandscapeLeft UIInterfaceOrientationLandscapeRight";
				INFOPLIST_KEY_UISupportedInterfaceOrientations_iPhone = "UIInterfaceOrientationPortrait UIInterfaceOrientationLandscapeLeft UIInterfaceOrientationLandscapeRight";
				LD_RUNPATH_SEARCH_PATHS = (
					"$(inherited)",
					"@executable_path/Frameworks",
				);
				MARKETING_VERSION = 1.0.1;
				PRODUCT_BUNDLE_IDENTIFIER = mindprober.LibriVox;
				PRODUCT_NAME = "$(TARGET_NAME)";
				SWIFT_EMIT_LOC_STRINGS = YES;
				SWIFT_VERSION = 5.0;
				TARGETED_DEVICE_FAMILY = "1,2";
			};
			name = Release;
		};
/* End XCBuildConfiguration section */

/* Begin XCConfigurationList section */
		319FA00E29C36445006895CB /* Build configuration list for PBXProject "LibriVox" */ = {
			isa = XCConfigurationList;
			buildConfigurations = (
				319FA02529C36446006895CB /* Debug */,
				319FA02629C36446006895CB /* Release */,
			);
			defaultConfigurationIsVisible = 0;
			defaultConfigurationName = Release;
		};
		319FA02729C36446006895CB /* Build configuration list for PBXNativeTarget "LibriVox" */ = {
			isa = XCConfigurationList;
			buildConfigurations = (
				319FA02829C36446006895CB /* Debug */,
				319FA02929C36446006895CB /* Release */,
			);
			defaultConfigurationIsVisible = 0;
			defaultConfigurationName = Release;
		};
/* End XCConfigurationList section */

/* Begin XCRemoteSwiftPackageReference section */
		312809862A08F3B400B6BAE7 /* XCRemoteSwiftPackageReference "Reachability" */ = {
			isa = XCRemoteSwiftPackageReference;
			repositoryURL = "https://github.com/ashleymills/Reachability.swift";
			requirement = {
				branch = master;
				kind = branch;
			};
		};
		317B4BFF29CC78540058F4B9 /* XCRemoteSwiftPackageReference "GoogleSignIn-iOS" */ = {
			isa = XCRemoteSwiftPackageReference;
			repositoryURL = "https://github.com/google/GoogleSignIn-iOS.git";
			requirement = {
				kind = upToNextMajorVersion;
				minimumVersion = 7.0.0;
			};
		};
		317B4C0829CCBD6A0058F4B9 /* XCRemoteSwiftPackageReference "SimpleToast" */ = {
			isa = XCRemoteSwiftPackageReference;
			repositoryURL = "https://github.com/sanzaru/SimpleToast.git";
			requirement = {
				kind = upToNextMajorVersion;
				minimumVersion = 0.6.2;
			};
		};
		31DB788529C8648D00006CE8 /* XCRemoteSwiftPackageReference "firebase-ios-sdk" */ = {
			isa = XCRemoteSwiftPackageReference;
			repositoryURL = "https://github.com/firebase/firebase-ios-sdk";
			requirement = {
				kind = upToNextMajorVersion;
				minimumVersion = 9.0.0;
			};
		};
/* End XCRemoteSwiftPackageReference section */

/* Begin XCSwiftPackageProductDependency section */
		312809872A08F3B400B6BAE7 /* Reachability */ = {
			isa = XCSwiftPackageProductDependency;
			package = 312809862A08F3B400B6BAE7 /* XCRemoteSwiftPackageReference "Reachability" */;
			productName = Reachability;
		};
		317B4C0029CC78540058F4B9 /* GoogleSignIn */ = {
			isa = XCSwiftPackageProductDependency;
			package = 317B4BFF29CC78540058F4B9 /* XCRemoteSwiftPackageReference "GoogleSignIn-iOS" */;
			productName = GoogleSignIn;
		};
		317B4C0229CC78540058F4B9 /* GoogleSignInSwift */ = {
			isa = XCSwiftPackageProductDependency;
			package = 317B4BFF29CC78540058F4B9 /* XCRemoteSwiftPackageReference "GoogleSignIn-iOS" */;
			productName = GoogleSignInSwift;
		};
		317B4C0929CCBD6A0058F4B9 /* SimpleToast */ = {
			isa = XCSwiftPackageProductDependency;
			package = 317B4C0829CCBD6A0058F4B9 /* XCRemoteSwiftPackageReference "SimpleToast" */;
			productName = SimpleToast;
		};
		31DB788629C8648D00006CE8 /* FirebaseAnalytics */ = {
			isa = XCSwiftPackageProductDependency;
			package = 31DB788529C8648D00006CE8 /* XCRemoteSwiftPackageReference "firebase-ios-sdk" */;
			productName = FirebaseAnalytics;
		};
		31DB788829C8648D00006CE8 /* FirebaseAnalyticsSwift */ = {
			isa = XCSwiftPackageProductDependency;
			package = 31DB788529C8648D00006CE8 /* XCRemoteSwiftPackageReference "firebase-ios-sdk" */;
			productName = FirebaseAnalyticsSwift;
		};
		31DB788A29C8648D00006CE8 /* FirebaseAuth */ = {
			isa = XCSwiftPackageProductDependency;
			package = 31DB788529C8648D00006CE8 /* XCRemoteSwiftPackageReference "firebase-ios-sdk" */;
			productName = FirebaseAuth;
		};
		31DB788C29C8648D00006CE8 /* FirebaseDatabase */ = {
			isa = XCSwiftPackageProductDependency;
			package = 31DB788529C8648D00006CE8 /* XCRemoteSwiftPackageReference "firebase-ios-sdk" */;
			productName = FirebaseDatabase;
		};
		31DB788E29C8648D00006CE8 /* FirebaseDatabaseSwift */ = {
			isa = XCSwiftPackageProductDependency;
			package = 31DB788529C8648D00006CE8 /* XCRemoteSwiftPackageReference "firebase-ios-sdk" */;
			productName = FirebaseDatabaseSwift;
		};
		31DB789029C8648D00006CE8 /* FirebaseFirestore */ = {
			isa = XCSwiftPackageProductDependency;
			package = 31DB788529C8648D00006CE8 /* XCRemoteSwiftPackageReference "firebase-ios-sdk" */;
			productName = FirebaseFirestore;
		};
		31DB789229C8648D00006CE8 /* FirebaseFunctions */ = {
			isa = XCSwiftPackageProductDependency;
			package = 31DB788529C8648D00006CE8 /* XCRemoteSwiftPackageReference "firebase-ios-sdk" */;
			productName = FirebaseFunctions;
		};
		31DB789429C8648D00006CE8 /* FirebaseInstallations */ = {
			isa = XCSwiftPackageProductDependency;
			package = 31DB788529C8648D00006CE8 /* XCRemoteSwiftPackageReference "firebase-ios-sdk" */;
			productName = FirebaseInstallations;
		};
		31DB789629C8648D00006CE8 /* FirebaseStorage */ = {
			isa = XCSwiftPackageProductDependency;
			package = 31DB788529C8648D00006CE8 /* XCRemoteSwiftPackageReference "firebase-ios-sdk" */;
			productName = FirebaseStorage;
		};
/* End XCSwiftPackageProductDependency section */
	};
	rootObject = 319FA00B29C36445006895CB /* Project object */;
}
